// !$*UTF8*$!
{
	archiveVersion = 1;
	classes = {
	};
	objectVersion = 46;
	objects = {

/* Begin PBXBuildFile section */
		C633438830D1592ADA16F243 /* libPods-RepositoryDemonstration.a in Frameworks */ = {isa = PBXBuildFile; fileRef = B1976821E5455A2D27C33D65 /* libPods-RepositoryDemonstration.a */; };
		D40F58951F443A88003139ED /* main.m in Sources */ = {isa = PBXBuildFile; fileRef = D40F58941F443A88003139ED /* main.m */; };
		D40F589E1F443A88003139ED /* Main.storyboard in Resources */ = {isa = PBXBuildFile; fileRef = D40F589C1F443A88003139ED /* Main.storyboard */; };
		D40F58A01F443A88003139ED /* Assets.xcassets in Resources */ = {isa = PBXBuildFile; fileRef = D40F589F1F443A88003139ED /* Assets.xcassets */; };
		D40F58A31F443A88003139ED /* LaunchScreen.storyboard in Resources */ = {isa = PBXBuildFile; fileRef = D40F58A11F443A88003139ED /* LaunchScreen.storyboard */; };
		D40F58AE1F443A88003139ED /* RepositoryDemonstrationTests.m in Sources */ = {isa = PBXBuildFile; fileRef = D40F58AD1F443A88003139ED /* RepositoryDemonstrationTests.m */; };
		D40F58B91F443A88003139ED /* RepositoryDemonstrationUITests.m in Sources */ = {isa = PBXBuildFile; fileRef = D40F58B81F443A88003139ED /* RepositoryDemonstrationUITests.m */; };
		D40F58D11F443BD5003139ED /* UIView+Masonry_ZC.m in Sources */ = {isa = PBXBuildFile; fileRef = D40F58C81F443BD5003139ED /* UIView+Masonry_ZC.m */; };
		D40F58D21F443BD5003139ED /* ZCBaseControl.m in Sources */ = {isa = PBXBuildFile; fileRef = D40F58CA1F443BD5003139ED /* ZCBaseControl.m */; };
		D40F58D31F443BD5003139ED /* ZCBaseView.m in Sources */ = {isa = PBXBuildFile; fileRef = D40F58CC1F443BD5003139ED /* ZCBaseView.m */; };
		D40F58D41F443BD5003139ED /* TableView.m in Sources */ = {isa = PBXBuildFile; fileRef = D40F58CE1F443BD5003139ED /* TableView.m */; };
		D40F58D51F443BD5003139ED /* TableViewCell.m in Sources */ = {isa = PBXBuildFile; fileRef = D40F58D01F443BD5003139ED /* TableViewCell.m */; };
		D40F58DB1F444230003139ED /* AppDelegate.m in Sources */ = {isa = PBXBuildFile; fileRef = D40F58D81F444230003139ED /* AppDelegate.m */; };
		D40F58DC1F444230003139ED /* ViewController.m in Sources */ = {isa = PBXBuildFile; fileRef = D40F58DA1F444230003139ED /* ViewController.m */; };
/* End PBXBuildFile section */

/* Begin PBXContainerItemProxy section */
		D40F58AA1F443A88003139ED /* PBXContainerItemProxy */ = {
			isa = PBXContainerItemProxy;
			containerPortal = D40F58881F443A88003139ED /* Project object */;
			proxyType = 1;
			remoteGlobalIDString = D40F588F1F443A88003139ED;
			remoteInfo = RepositoryDemonstration;
		};
		D40F58B51F443A88003139ED /* PBXContainerItemProxy */ = {
			isa = PBXContainerItemProxy;
			containerPortal = D40F58881F443A88003139ED /* Project object */;
			proxyType = 1;
			remoteGlobalIDString = D40F588F1F443A88003139ED;
			remoteInfo = RepositoryDemonstration;
		};
/* End PBXContainerItemProxy section */

/* Begin PBXFileReference section */
		483CD16D69B797E72C22BD11 /* Pods-RepositoryDemonstration.release.xcconfig */ = {isa = PBXFileReference; includeInIndex = 1; lastKnownFileType = text.xcconfig; name = "Pods-RepositoryDemonstration.release.xcconfig"; path = "Pods/Target Support Files/Pods-RepositoryDemonstration/Pods-RepositoryDemonstration.release.xcconfig"; sourceTree = "<group>"; };
		B1976821E5455A2D27C33D65 /* libPods-RepositoryDemonstration.a */ = {isa = PBXFileReference; explicitFileType = archive.ar; includeInIndex = 0; path = "libPods-RepositoryDemonstration.a"; sourceTree = BUILT_PRODUCTS_DIR; };
		BE976F14217A3E0DD027B51D /* Pods-RepositoryDemonstration.debug.xcconfig */ = {isa = PBXFileReference; includeInIndex = 1; lastKnownFileType = text.xcconfig; name = "Pods-RepositoryDemonstration.debug.xcconfig"; path = "Pods/Target Support Files/Pods-RepositoryDemonstration/Pods-RepositoryDemonstration.debug.xcconfig"; sourceTree = "<group>"; };
		D40F58901F443A88003139ED /* RepositoryDemonstration.app */ = {isa = PBXFileReference; explicitFileType = wrapper.application; includeInIndex = 0; path = RepositoryDemonstration.app; sourceTree = BUILT_PRODUCTS_DIR; };
		D40F58941F443A88003139ED /* main.m */ = {isa = PBXFileReference; lastKnownFileType = sourcecode.c.objc; path = main.m; sourceTree = "<group>"; };
		D40F589D1F443A88003139ED /* Base */ = {isa = PBXFileReference; lastKnownFileType = file.storyboard; name = Base; path = Base.lproj/Main.storyboard; sourceTree = "<group>"; };
		D40F589F1F443A88003139ED /* Assets.xcassets */ = {isa = PBXFileReference; lastKnownFileType = folder.assetcatalog; path = Assets.xcassets; sourceTree = "<group>"; };
		D40F58A21F443A88003139ED /* Base */ = {isa = PBXFileReference; lastKnownFileType = file.storyboard; name = Base; path = Base.lproj/LaunchScreen.storyboard; sourceTree = "<group>"; };
		D40F58A41F443A88003139ED /* Info.plist */ = {isa = PBXFileReference; lastKnownFileType = text.plist.xml; path = Info.plist; sourceTree = "<group>"; };
		D40F58A91F443A88003139ED /* RepositoryDemonstrationTests.xctest */ = {isa = PBXFileReference; explicitFileType = wrapper.cfbundle; includeInIndex = 0; path = RepositoryDemonstrationTests.xctest; sourceTree = BUILT_PRODUCTS_DIR; };
		D40F58AD1F443A88003139ED /* RepositoryDemonstrationTests.m */ = {isa = PBXFileReference; lastKnownFileType = sourcecode.c.objc; path = RepositoryDemonstrationTests.m; sourceTree = "<group>"; };
		D40F58AF1F443A88003139ED /* Info.plist */ = {isa = PBXFileReference; lastKnownFileType = text.plist.xml; path = Info.plist; sourceTree = "<group>"; };
		D40F58B41F443A88003139ED /* RepositoryDemonstrationUITests.xctest */ = {isa = PBXFileReference; explicitFileType = wrapper.cfbundle; includeInIndex = 0; path = RepositoryDemonstrationUITests.xctest; sourceTree = BUILT_PRODUCTS_DIR; };
		D40F58B81F443A88003139ED /* RepositoryDemonstrationUITests.m */ = {isa = PBXFileReference; lastKnownFileType = sourcecode.c.objc; path = RepositoryDemonstrationUITests.m; sourceTree = "<group>"; };
		D40F58BA1F443A88003139ED /* Info.plist */ = {isa = PBXFileReference; lastKnownFileType = text.plist.xml; path = Info.plist; sourceTree = "<group>"; };
		D40F58C71F443BD5003139ED /* UIView+Masonry_ZC.h */ = {isa = PBXFileReference; fileEncoding = 4; lastKnownFileType = sourcecode.c.h; path = "UIView+Masonry_ZC.h"; sourceTree = "<group>"; };
		D40F58C81F443BD5003139ED /* UIView+Masonry_ZC.m */ = {isa = PBXFileReference; fileEncoding = 4; lastKnownFileType = sourcecode.c.objc; path = "UIView+Masonry_ZC.m"; sourceTree = "<group>"; };
		D40F58C91F443BD5003139ED /* ZCBaseControl.h */ = {isa = PBXFileReference; fileEncoding = 4; lastKnownFileType = sourcecode.c.h; path = ZCBaseControl.h; sourceTree = "<group>"; };
		D40F58CA1F443BD5003139ED /* ZCBaseControl.m */ = {isa = PBXFileReference; fileEncoding = 4; lastKnownFileType = sourcecode.c.objc; path = ZCBaseControl.m; sourceTree = "<group>"; };
		D40F58CB1F443BD5003139ED /* ZCBaseView.h */ = {isa = PBXFileReference; fileEncoding = 4; lastKnownFileType = sourcecode.c.h; path = ZCBaseView.h; sourceTree = "<group>"; };
		D40F58CC1F443BD5003139ED /* ZCBaseView.m */ = {isa = PBXFileReference; fileEncoding = 4; lastKnownFileType = sourcecode.c.objc; path = ZCBaseView.m; sourceTree = "<group>"; };
		D40F58CD1F443BD5003139ED /* TableView.h */ = {isa = PBXFileReference; fileEncoding = 4; lastKnownFileType = sourcecode.c.h; path = TableView.h; sourceTree = "<group>"; };
		D40F58CE1F443BD5003139ED /* TableView.m */ = {isa = PBXFileReference; fileEncoding = 4; lastKnownFileType = sourcecode.c.objc; path = TableView.m; sourceTree = "<group>"; };
		D40F58CF1F443BD5003139ED /* TableViewCell.h */ = {isa = PBXFileReference; fileEncoding = 4; lastKnownFileType = sourcecode.c.h; path = TableViewCell.h; sourceTree = "<group>"; };
		D40F58D01F443BD5003139ED /* TableViewCell.m */ = {isa = PBXFileReference; fileEncoding = 4; lastKnownFileType = sourcecode.c.objc; path = TableViewCell.m; sourceTree = "<group>"; };
		D40F58D71F444230003139ED /* AppDelegate.h */ = {isa = PBXFileReference; fileEncoding = 4; lastKnownFileType = sourcecode.c.h; path = AppDelegate.h; sourceTree = "<group>"; };
		D40F58D81F444230003139ED /* AppDelegate.m */ = {isa = PBXFileReference; fileEncoding = 4; lastKnownFileType = sourcecode.c.objc; path = AppDelegate.m; sourceTree = "<group>"; };
		D40F58D91F444230003139ED /* ViewController.h */ = {isa = PBXFileReference; fileEncoding = 4; lastKnownFileType = sourcecode.c.h; path = ViewController.h; sourceTree = "<group>"; };
		D40F58DA1F444230003139ED /* ViewController.m */ = {isa = PBXFileReference; fileEncoding = 4; lastKnownFileType = sourcecode.c.objc; path = ViewController.m; sourceTree = "<group>"; };
/* End PBXFileReference section */

/* Begin PBXFrameworksBuildPhase section */
		D40F588D1F443A88003139ED /* Frameworks */ = {
			isa = PBXFrameworksBuildPhase;
			buildActionMask = 2147483647;
			files = (
				C633438830D1592ADA16F243 /* libPods-RepositoryDemonstration.a in Frameworks */,
			);
			runOnlyForDeploymentPostprocessing = 0;
		};
		D40F58A61F443A88003139ED /* Frameworks */ = {
			isa = PBXFrameworksBuildPhase;
			buildActionMask = 2147483647;
			files = (
			);
			runOnlyForDeploymentPostprocessing = 0;
		};
		D40F58B11F443A88003139ED /* Frameworks */ = {
			isa = PBXFrameworksBuildPhase;
			buildActionMask = 2147483647;
			files = (
			);
			runOnlyForDeploymentPostprocessing = 0;
		};
/* End PBXFrameworksBuildPhase section */

/* Begin PBXGroup section */
		98A894661DE232FEF0D5905D /* Frameworks */ = {
			isa = PBXGroup;
			children = (
				B1976821E5455A2D27C33D65 /* libPods-RepositoryDemonstration.a */,
			);
			name = Frameworks;
			sourceTree = "<group>";
		};
		9DD23F310FE7C35B0058BE10 /* Pods */ = {
			isa = PBXGroup;
			children = (
				BE976F14217A3E0DD027B51D /* Pods-RepositoryDemonstration.debug.xcconfig */,
				483CD16D69B797E72C22BD11 /* Pods-RepositoryDemonstration.release.xcconfig */,
			);
			name = Pods;
			sourceTree = "<group>";
		};
		D40F58871F443A88003139ED = {
			isa = PBXGroup;
			children = (
				D40F58921F443A88003139ED /* RepositoryDemonstration */,
				D40F58AC1F443A88003139ED /* RepositoryDemonstrationTests */,
				D40F58B71F443A88003139ED /* RepositoryDemonstrationUITests */,
				D40F58911F443A88003139ED /* Products */,
				9DD23F310FE7C35B0058BE10 /* Pods */,
				98A894661DE232FEF0D5905D /* Frameworks */,
			);
			sourceTree = "<group>";
		};
		D40F58911F443A88003139ED /* Products */ = {
			isa = PBXGroup;
			children = (
				D40F58901F443A88003139ED /* RepositoryDemonstration.app */,
				D40F58A91F443A88003139ED /* RepositoryDemonstrationTests.xctest */,
				D40F58B41F443A88003139ED /* RepositoryDemonstrationUITests.xctest */,
			);
			name = Products;
			sourceTree = "<group>";
		};
		D40F58921F443A88003139ED /* RepositoryDemonstration */ = {
			isa = PBXGroup;
			children = (
				D40F58D61F444230003139ED /* AppDelegate */,
				D40F58C61F443BD5003139ED /* Other */,
				D40F58CD1F443BD5003139ED /* TableView.h */,
				D40F58CE1F443BD5003139ED /* TableView.m */,
				D40F58CF1F443BD5003139ED /* TableViewCell.h */,
				D40F58D01F443BD5003139ED /* TableViewCell.m */,
				D40F589C1F443A88003139ED /* Main.storyboard */,
				D40F589F1F443A88003139ED /* Assets.xcassets */,
				D40F58A11F443A88003139ED /* LaunchScreen.storyboard */,
				D40F58A41F443A88003139ED /* Info.plist */,
				D40F58931F443A88003139ED /* Supporting Files */,
			);
			path = RepositoryDemonstration;
			sourceTree = "<group>";
		};
		D40F58931F443A88003139ED /* Supporting Files */ = {
			isa = PBXGroup;
			children = (
				D40F58941F443A88003139ED /* main.m */,
			);
			name = "Supporting Files";
			sourceTree = "<group>";
		};
		D40F58AC1F443A88003139ED /* RepositoryDemonstrationTests */ = {
			isa = PBXGroup;
			children = (
				D40F58AD1F443A88003139ED /* RepositoryDemonstrationTests.m */,
				D40F58AF1F443A88003139ED /* Info.plist */,
			);
			path = RepositoryDemonstrationTests;
			sourceTree = "<group>";
		};
		D40F58B71F443A88003139ED /* RepositoryDemonstrationUITests */ = {
			isa = PBXGroup;
			children = (
				D40F58B81F443A88003139ED /* RepositoryDemonstrationUITests.m */,
				D40F58BA1F443A88003139ED /* Info.plist */,
			);
			path = RepositoryDemonstrationUITests;
			sourceTree = "<group>";
		};
		D40F58C61F443BD5003139ED /* Other */ = {
			isa = PBXGroup;
			children = (
				D40F58C71F443BD5003139ED /* UIView+Masonry_ZC.h */,
				D40F58C81F443BD5003139ED /* UIView+Masonry_ZC.m */,
				D40F58C91F443BD5003139ED /* ZCBaseControl.h */,
				D40F58CA1F443BD5003139ED /* ZCBaseControl.m */,
				D40F58CB1F443BD5003139ED /* ZCBaseView.h */,
				D40F58CC1F443BD5003139ED /* ZCBaseView.m */,
			);
			path = Other;
			sourceTree = "<group>";
		};
		D40F58D61F444230003139ED /* AppDelegate */ = {
			isa = PBXGroup;
			children = (
				D40F58D71F444230003139ED /* AppDelegate.h */,
				D40F58D81F444230003139ED /* AppDelegate.m */,
				D40F58D91F444230003139ED /* ViewController.h */,
				D40F58DA1F444230003139ED /* ViewController.m */,
			);
			path = AppDelegate;
			sourceTree = "<group>";
		};
/* End PBXGroup section */

/* Begin PBXNativeTarget section */
		D40F588F1F443A88003139ED /* RepositoryDemonstration */ = {
			isa = PBXNativeTarget;
			buildConfigurationList = D40F58BD1F443A88003139ED /* Build configuration list for PBXNativeTarget "RepositoryDemonstration" */;
			buildPhases = (
				A7DA381B717B97282FCF8BCE /* [CP] Check Pods Manifest.lock */,
				D40F588C1F443A88003139ED /* Sources */,
				D40F588D1F443A88003139ED /* Frameworks */,
				D40F588E1F443A88003139ED /* Resources */,
				B8F07ADBDCF750965F7DDC63 /* [CP] Embed Pods Frameworks */,
				56EA58A81358527ECDCE875F /* [CP] Copy Pods Resources */,
			);
			buildRules = (
			);
			dependencies = (
			);
			name = RepositoryDemonstration;
			productName = RepositoryDemonstration;
			productReference = D40F58901F443A88003139ED /* RepositoryDemonstration.app */;
			productType = "com.apple.product-type.application";
		};
		D40F58A81F443A88003139ED /* RepositoryDemonstrationTests */ = {
			isa = PBXNativeTarget;
			buildConfigurationList = D40F58C01F443A88003139ED /* Build configuration list for PBXNativeTarget "RepositoryDemonstrationTests" */;
			buildPhases = (
				D40F58A51F443A88003139ED /* Sources */,
				D40F58A61F443A88003139ED /* Frameworks */,
				D40F58A71F443A88003139ED /* Resources */,
			);
			buildRules = (
			);
			dependencies = (
				D40F58AB1F443A88003139ED /* PBXTargetDependency */,
			);
			name = RepositoryDemonstrationTests;
			productName = RepositoryDemonstrationTests;
			productReference = D40F58A91F443A88003139ED /* RepositoryDemonstrationTests.xctest */;
			productType = "com.apple.product-type.bundle.unit-test";
		};
		D40F58B31F443A88003139ED /* RepositoryDemonstrationUITests */ = {
			isa = PBXNativeTarget;
			buildConfigurationList = D40F58C31F443A88003139ED /* Build configuration list for PBXNativeTarget "RepositoryDemonstrationUITests" */;
			buildPhases = (
				D40F58B01F443A88003139ED /* Sources */,
				D40F58B11F443A88003139ED /* Frameworks */,
				D40F58B21F443A88003139ED /* Resources */,
			);
			buildRules = (
			);
			dependencies = (
				D40F58B61F443A88003139ED /* PBXTargetDependency */,
			);
			name = RepositoryDemonstrationUITests;
			productName = RepositoryDemonstrationUITests;
			productReference = D40F58B41F443A88003139ED /* RepositoryDemonstrationUITests.xctest */;
			productType = "com.apple.product-type.bundle.ui-testing";
		};
/* End PBXNativeTarget section */

/* Begin PBXProject section */
		D40F58881F443A88003139ED /* Project object */ = {
			isa = PBXProject;
			attributes = {
				LastUpgradeCheck = 0800;
				ORGANIZATIONNAME = zhangchao;
				TargetAttributes = {
					D40F588F1F443A88003139ED = {
						CreatedOnToolsVersion = 8.0;
						ProvisioningStyle = Automatic;
					};
					D40F58A81F443A88003139ED = {
						CreatedOnToolsVersion = 8.0;
						ProvisioningStyle = Automatic;
						TestTargetID = D40F588F1F443A88003139ED;
					};
					D40F58B31F443A88003139ED = {
						CreatedOnToolsVersion = 8.0;
						ProvisioningStyle = Automatic;
						TestTargetID = D40F588F1F443A88003139ED;
					};
				};
			};
			buildConfigurationList = D40F588B1F443A88003139ED /* Build configuration list for PBXProject "RepositoryDemonstration" */;
			compatibilityVersion = "Xcode 3.2";
			developmentRegion = English;
			hasScannedForEncodings = 0;
			knownRegions = (
				en,
				Base,
			);
			mainGroup = D40F58871F443A88003139ED;
			productRefGroup = D40F58911F443A88003139ED /* Products */;
			projectDirPath = "";
			projectRoot = "";
			targets = (
				D40F588F1F443A88003139ED /* RepositoryDemonstration */,
				D40F58A81F443A88003139ED /* RepositoryDemonstrationTests */,
				D40F58B31F443A88003139ED /* RepositoryDemonstrationUITests */,
			);
		};
/* End PBXProject section */

/* Begin PBXResourcesBuildPhase section */
		D40F588E1F443A88003139ED /* Resources */ = {
			isa = PBXResourcesBuildPhase;
			buildActionMask = 2147483647;
			files = (
				D40F58A31F443A88003139ED /* LaunchScreen.storyboard in Resources */,
				D40F58A01F443A88003139ED /* Assets.xcassets in Resources */,
				D40F589E1F443A88003139ED /* Main.storyboard in Resources */,
			);
			runOnlyForDeploymentPostprocessing = 0;
		};
		D40F58A71F443A88003139ED /* Resources */ = {
			isa = PBXResourcesBuildPhase;
			buildActionMask = 2147483647;
			files = (
			);
			runOnlyForDeploymentPostprocessing = 0;
		};
		D40F58B21F443A88003139ED /* Resources */ = {
			isa = PBXResourcesBuildPhase;
			buildActionMask = 2147483647;
			files = (
			);
			runOnlyForDeploymentPostprocessing = 0;
		};
/* End PBXResourcesBuildPhase section */

/* Begin PBXShellScriptBuildPhase section */
		56EA58A81358527ECDCE875F /* [CP] Copy Pods Resources */ = {
			isa = PBXShellScriptBuildPhase;
			buildActionMask = 2147483647;
			files = (
			);
			inputPaths = (
			);
			name = "[CP] Copy Pods Resources";
			outputPaths = (
			);
			runOnlyForDeploymentPostprocessing = 0;
			shellPath = /bin/sh;
			shellScript = "\"${SRCROOT}/Pods/Target Support Files/Pods-RepositoryDemonstration/Pods-RepositoryDemonstration-resources.sh\"\n";
			showEnvVarsInLog = 0;
		};
		A7DA381B717B97282FCF8BCE /* [CP] Check Pods Manifest.lock */ = {
			isa = PBXShellScriptBuildPhase;
			buildActionMask = 2147483647;
			files = (
			);
			inputPaths = (
			);
			name = "[CP] Check Pods Manifest.lock";
			outputPaths = (
			);
			runOnlyForDeploymentPostprocessing = 0;
			shellPath = /bin/sh;
			shellScript = "diff \"${PODS_ROOT}/../Podfile.lock\" \"${PODS_ROOT}/Manifest.lock\" > /dev/null\nif [ $? != 0 ] ; then\n    # print error to STDERR\n    echo \"error: The sandbox is not in sync with the Podfile.lock. Run 'pod install' or update your CocoaPods installation.\" >&2\n    exit 1\nfi\n";
			showEnvVarsInLog = 0;
		};
		B8F07ADBDCF750965F7DDC63 /* [CP] Embed Pods Frameworks */ = {
			isa = PBXShellScriptBuildPhase;
			buildActionMask = 2147483647;
			files = (
			);
			inputPaths = (
			);
			name = "[CP] Embed Pods Frameworks";
			outputPaths = (
			);
			runOnlyForDeploymentPostprocessing = 0;
			shellPath = /bin/sh;
			shellScript = "\"${SRCROOT}/Pods/Target Support Files/Pods-RepositoryDemonstration/Pods-RepositoryDemonstration-frameworks.sh\"\n";
			showEnvVarsInLog = 0;
		};
/* End PBXShellScriptBuildPhase section */

/* Begin PBXSourcesBuildPhase section */
		D40F588C1F443A88003139ED /* Sources */ = {
			isa = PBXSourcesBuildPhase;
			buildActionMask = 2147483647;
			files = (
				D40F58D21F443BD5003139ED /* ZCBaseControl.m in Sources */,
				D40F58D31F443BD5003139ED /* ZCBaseView.m in Sources */,
				D40F58DC1F444230003139ED /* ViewController.m in Sources */,
				D40F58D41F443BD5003139ED /* TableView.m in Sources */,
				D40F58D51F443BD5003139ED /* TableViewCell.m in Sources */,
				D40F58951F443A88003139ED /* main.m in Sources */,
				D40F58D11F443BD5003139ED /* UIView+Masonry_ZC.m in Sources */,
				D40F58DB1F444230003139ED /* AppDelegate.m in Sources */,
			);
			runOnlyForDeploymentPostprocessing = 0;
		};
		D40F58A51F443A88003139ED /* Sources */ = {
			isa = PBXSourcesBuildPhase;
			buildActionMask = 2147483647;
			files = (
				D40F58AE1F443A88003139ED /* RepositoryDemonstrationTests.m in Sources */,
			);
			runOnlyForDeploymentPostprocessing = 0;
		};
		D40F58B01F443A88003139ED /* Sources */ = {
			isa = PBXSourcesBuildPhase;
			buildActionMask = 2147483647;
			files = (
				D40F58B91F443A88003139ED /* RepositoryDemonstrationUITests.m in Sources */,
			);
			runOnlyForDeploymentPostprocessing = 0;
		};
/* End PBXSourcesBuildPhase section */

/* Begin PBXTargetDependency section */
		D40F58AB1F443A88003139ED /* PBXTargetDependency */ = {
			isa = PBXTargetDependency;
			target = D40F588F1F443A88003139ED /* RepositoryDemonstration */;
			targetProxy = D40F58AA1F443A88003139ED /* PBXContainerItemProxy */;
		};
		D40F58B61F443A88003139ED /* PBXTargetDependency */ = {
			isa = PBXTargetDependency;
			target = D40F588F1F443A88003139ED /* RepositoryDemonstration */;
			targetProxy = D40F58B51F443A88003139ED /* PBXContainerItemProxy */;
		};
/* End PBXTargetDependency section */

/* Begin PBXVariantGroup section */
		D40F589C1F443A88003139ED /* Main.storyboard */ = {
			isa = PBXVariantGroup;
			children = (
				D40F589D1F443A88003139ED /* Base */,
			);
			name = Main.storyboard;
			sourceTree = "<group>";
		};
		D40F58A11F443A88003139ED /* LaunchScreen.storyboard */ = {
			isa = PBXVariantGroup;
			children = (
				D40F58A21F443A88003139ED /* Base */,
			);
			name = LaunchScreen.storyboard;
			sourceTree = "<group>";
		};
/* End PBXVariantGroup section */

/* Begin XCBuildConfiguration section */
		D40F58BB1F443A88003139ED /* Debug */ = {
			isa = XCBuildConfiguration;
			buildSettings = {
				ALWAYS_SEARCH_USER_PATHS = NO;
				CLANG_ANALYZER_NONNULL = YES;
				CLANG_CXX_LANGUAGE_STANDARD = "gnu++0x";
				CLANG_CXX_LIBRARY = "libc++";
				CLANG_ENABLE_MODULES = YES;
				CLANG_ENABLE_OBJC_ARC = YES;
				CLANG_WARN_BOOL_CONVERSION = YES;
				CLANG_WARN_CONSTANT_CONVERSION = YES;
				CLANG_WARN_DIRECT_OBJC_ISA_USAGE = YES_ERROR;
				CLANG_WARN_DOCUMENTATION_COMMENTS = YES;
				CLANG_WARN_EMPTY_BODY = YES;
				CLANG_WARN_ENUM_CONVERSION = YES;
				CLANG_WARN_INFINITE_RECURSION = YES;
				CLANG_WARN_INT_CONVERSION = YES;
				CLANG_WARN_OBJC_ROOT_CLASS = YES_ERROR;
				CLANG_WARN_SUSPICIOUS_MOVES = YES;
				CLANG_WARN_UNREACHABLE_CODE = YES;
				CLANG_WARN__DUPLICATE_METHOD_MATCH = YES;
				"CODE_SIGN_IDENTITY[sdk=iphoneos*]" = "iPhone Developer";
				COPY_PHASE_STRIP = NO;
				DEBUG_INFORMATION_FORMAT = dwarf;
				ENABLE_STRICT_OBJC_MSGSEND = YES;
				ENABLE_TESTABILITY = YES;
				GCC_C_LANGUAGE_STANDARD = gnu99;
				GCC_DYNAMIC_NO_PIC = NO;
				GCC_NO_COMMON_BLOCKS = YES;
				GCC_OPTIMIZATION_LEVEL = 0;
				GCC_PREPROCESSOR_DEFINITIONS = (
					"DEBUG=1",
					"$(inherited)",
				);
				GCC_WARN_64_TO_32_BIT_CONVERSION = YES;
				GCC_WARN_ABOUT_RETURN_TYPE = YES_ERROR;
				GCC_WARN_UNDECLARED_SELECTOR = YES;
				GCC_WARN_UNINITIALIZED_AUTOS = YES_AGGRESSIVE;
				GCC_WARN_UNUSED_FUNCTION = YES;
				GCC_WARN_UNUSED_VARIABLE = YES;
				IPHONEOS_DEPLOYMENT_TARGET = 10.0;
				MTL_ENABLE_DEBUG_INFO = YES;
				ONLY_ACTIVE_ARCH = YES;
				SDKROOT = iphoneos;
				TARGETED_DEVICE_FAMILY = "1,2";
			};
			name = Debug;
		};
		D40F58BC1F443A88003139ED /* Release */ = {
			isa = XCBuildConfiguration;
			buildSettings = {
				ALWAYS_SEARCH_USER_PATHS = NO;
				CLANG_ANALYZER_NONNULL = YES;
				CLANG_CXX_LANGUAGE_STANDARD = "gnu++0x";
				CLANG_CXX_LIBRARY = "libc++";
				CLANG_ENABLE_MODULES = YES;
				CLANG_ENABLE_OBJC_ARC = YES;
				CLANG_WARN_BOOL_CONVERSION = YES;
				CLANG_WARN_CONSTANT_CONVERSION = YES;
				CLANG_WARN_DIRECT_OBJC_ISA_USAGE = YES_ERROR;
				CLANG_WARN_DOCUMENTATION_COMMENTS = YES;
				CLANG_WARN_EMPTY_BODY = YES;
				CLANG_WARN_ENUM_CONVERSION = YES;
				CLANG_WARN_INFINITE_RECURSION = YES;
				CLANG_WARN_INT_CONVERSION = YES;
				CLANG_WARN_OBJC_ROOT_CLASS = YES_ERROR;
				CLANG_WARN_SUSPICIOUS_MOVES = YES;
				CLANG_WARN_UNREACHABLE_CODE = YES;
				CLANG_WARN__DUPLICATE_METHOD_MATCH = YES;
				"CODE_SIGN_IDENTITY[sdk=iphoneos*]" = "iPhone Developer";
				COPY_PHASE_STRIP = NO;
				DEBUG_INFORMATION_FORMAT = "dwarf-with-dsym";
				ENABLE_NS_ASSERTIONS = NO;
				ENABLE_STRICT_OBJC_MSGSEND = YES;
				GCC_C_LANGUAGE_STANDARD = gnu99;
				GCC_NO_COMMON_BLOCKS = YES;
				GCC_WARN_64_TO_32_BIT_CONVERSION = YES;
				GCC_WARN_ABOUT_RETURN_TYPE = YES_ERROR;
				GCC_WARN_UNDECLARED_SELECTOR = YES;
				GCC_WARN_UNINITIALIZED_AUTOS = YES_AGGRESSIVE;
				GCC_WARN_UNUSED_FUNCTION = YES;
				GCC_WARN_UNUSED_VARIABLE = YES;
				IPHONEOS_DEPLOYMENT_TARGET = 10.0;
				MTL_ENABLE_DEBUG_INFO = NO;
				SDKROOT = iphoneos;
				TARGETED_DEVICE_FAMILY = "1,2";
				VALIDATE_PRODUCT = YES;
			};
			name = Release;
		};
		D40F58BE1F443A88003139ED /* Debug */ = {
			isa = XCBuildConfiguration;
			baseConfigurationReference = BE976F14217A3E0DD027B51D /* Pods-RepositoryDemonstration.debug.xcconfig */;
			buildSettings = {
				ASSETCATALOG_COMPILER_APPICON_NAME = AppIcon;
				INFOPLIST_FILE = RepositoryDemonstration/Info.plist;
				LD_RUNPATH_SEARCH_PATHS = "$(inherited) @executable_path/Frameworks";
				PRODUCT_BUNDLE_IDENTIFIER = com.icfcc.cn.RepositoryDemonstration;
				PRODUCT_NAME = "$(TARGET_NAME)";
			};
			name = Debug;
		};
		D40F58BF1F443A88003139ED /* Release */ = {
			isa = XCBuildConfiguration;
			baseConfigurationReference = 483CD16D69B797E72C22BD11 /* Pods-RepositoryDemonstration.release.xcconfig */;
			buildSettings = {
				ASSETCATALOG_COMPILER_APPICON_NAME = AppIcon;
				INFOPLIST_FILE = RepositoryDemonstration/Info.plist;
				LD_RUNPATH_SEARCH_PATHS = "$(inherited) @executable_path/Frameworks";
				PRODUCT_BUNDLE_IDENTIFIER = com.icfcc.cn.RepositoryDemonstration;
				PRODUCT_NAME = "$(TARGET_NAME)";
			};
			name = Release;
		};
		D40F58C11F443A88003139ED /* Debug */ = {
			isa = XCBuildConfiguration;
			buildSettings = {
				BUNDLE_LOADER = "$(TEST_HOST)";
				INFOPLIST_FILE = RepositoryDemonstrationTests/Info.plist;
				LD_RUNPATH_SEARCH_PATHS = "$(inherited) @executable_path/Frameworks @loader_path/Frameworks";
				PRODUCT_BUNDLE_IDENTIFIER = com.icfcc.cn.RepositoryDemonstrationTests;
				PRODUCT_NAME = "$(TARGET_NAME)";
				TEST_HOST = "$(BUILT_PRODUCTS_DIR)/RepositoryDemonstration.app/RepositoryDemonstration";
			};
			name = Debug;
		};
		D40F58C21F443A88003139ED /* Release */ = {
			isa = XCBuildConfiguration;
			buildSettings = {
				BUNDLE_LOADER = "$(TEST_HOST)";
				INFOPLIST_FILE = RepositoryDemonstrationTests/Info.plist;
				LD_RUNPATH_SEARCH_PATHS = "$(inherited) @executable_path/Frameworks @loader_path/Frameworks";
				PRODUCT_BUNDLE_IDENTIFIER = com.icfcc.cn.RepositoryDemonstrationTests;
				PRODUCT_NAME = "$(TARGET_NAME)";
				TEST_HOST = "$(BUILT_PRODUCTS_DIR)/RepositoryDemonstration.app/RepositoryDemonstration";
			};
			name = Release;
		};
		D40F58C41F443A88003139ED /* Debug */ = {
			isa = XCBuildConfiguration;
			buildSettings = {
				INFOPLIST_FILE = RepositoryDemonstrationUITests/Info.plist;
				LD_RUNPATH_SEARCH_PATHS = "$(inherited) @executable_path/Frameworks @loader_path/Frameworks";
				PRODUCT_BUNDLE_IDENTIFIER = com.icfcc.cn.RepositoryDemonstrationUITests;
				PRODUCT_NAME = "$(TARGET_NAME)";
				TEST_TARGET_NAME = RepositoryDemonstration;
			};
			name = Debug;
		};
		D40F58C51F443A88003139ED /* Release */ = {
			isa = XCBuildConfiguration;
			buildSettings = {
				INFOPLIST_FILE = RepositoryDemonstrationUITests/Info.plist;
				LD_RUNPATH_SEARCH_PATHS = "$(inherited) @executable_path/Frameworks @loader_path/Frameworks";
				PRODUCT_BUNDLE_IDENTIFIER = com.icfcc.cn.RepositoryDemonstrationUITests;
				PRODUCT_NAME = "$(TARGET_NAME)";
				TEST_TARGET_NAME = RepositoryDemonstration;
			};
			name = Release;
		};
/* End XCBuildConfiguration section */

/* Begin XCConfigurationList section */
		D40F588B1F443A88003139ED /* Build configuration list for PBXProject "RepositoryDemonstration" */ = {
			isa = XCConfigurationList;
			buildConfigurations = (
				D40F58BB1F443A88003139ED /* Debug */,
				D40F58BC1F443A88003139ED /* Release */,
			);
			defaultConfigurationIsVisible = 0;
			defaultConfigurationName = Release;
		};
		D40F58BD1F443A88003139ED /* Build configuration list for PBXNativeTarget "RepositoryDemonstration" */ = {
			isa = XCConfigurationList;
			buildConfigurations = (
				D40F58BE1F443A88003139ED /* Debug */,
				D40F58BF1F443A88003139ED /* Release */,
			);
			defaultConfigurationIsVisible = 0;
			defaultConfigurationName = Release;
		};
		D40F58C01F443A88003139ED /* Build configuration list for PBXNativeTarget "RepositoryDemonstrationTests" */ = {
			isa = XCConfigurationList;
			buildConfigurations = (
				D40F58C11F443A88003139ED /* Debug */,
				D40F58C21F443A88003139ED /* Release */,
			);
			defaultConfigurationIsVisible = 0;
			defaultConfigurationName = Release;
		};
		D40F58C31F443A88003139ED /* Build configuration list for PBXNativeTarget "RepositoryDemonstrationUITests" */ = {
			isa = XCConfigurationList;
			buildConfigurations = (
				D40F58C41F443A88003139ED /* Debug */,
				D40F58C51F443A88003139ED /* Release */,
			);
			defaultConfigurationIsVisible = 0;
			defaultConfigurationName = Release;
		};
/* End XCConfigurationList section */
	};
	rootObject = D40F58881F443A88003139ED /* Project object */;
}
